
Microsoft Visual Studio Solution File, Format Version 12.00
# Visual Studio Version 17
VisualStudioVersion = 17.6.33829.357
MinimumVisualStudioVersion = 10.0.40219.1
Project("{9A19103F-16F7-4668-BE54-9A1E7A4F7556}") = "BisTranslator", "BisTranslator\BisTranslator.csproj", "{C1599CC9-60D5-40CD-8608-79FA8E62495C}"
EndProject
Project("{9A19103F-16F7-4668-BE54-9A1E7A4F7556}") = "Glamourer", "Glamourer\Glamourer\Glamourer.csproj", "{9561B837-CB2E-4E2C-84AA-246DE4D68C92}"
EndProject
Project("{9A19103F-16F7-4668-BE54-9A1E7A4F7556}") = "Penumbra.Api", "Glamourer\Penumbra.Api\Penumbra.Api.csproj", "{57B10531-F036-4692-8F2C-2D111742458B}"
EndProject
Project("{9A19103F-16F7-4668-BE54-9A1E7A4F7556}") = "OtterGui", "Glamourer\OtterGui\OtterGui.csproj", "{D46FD474-4A2F-4AFD-B416-77EC12596FB3}"
EndProject
Project("{9A19103F-16F7-4668-BE54-9A1E7A4F7556}") = "Penumbra.GameData", "Glamourer\Penumbra.GameData\Penumbra.GameData.csproj", "{340DAA2B-9D5D-4305-B3F0-B3ECBC6D6CFF}"
EndProject
Project("{9A19103F-16F7-4668-BE54-9A1E7A4F7556}") = "Penumbra.String", "Glamourer\Penumbra.String\Penumbra.String.csproj", "{D5546379-2EF4-4B0C-A77A-66E6F4C21437}"
EndProject
Global
	GlobalSection(SolutionConfigurationPlatforms) = preSolution
		Debug|Any CPU = Debug|Any CPU
		Debug|x64 = Debug|x64
		Release|Any CPU = Release|Any CPU
		Release|x64 = Release|x64
	EndGlobalSection
	GlobalSection(ProjectConfigurationPlatforms) = postSolution
		{C1599CC9-60D5-40CD-8608-79FA8E62495C}.Debug|Any CPU.ActiveCfg = Debug|x64
		{C1599CC9-60D5-40CD-8608-79FA8E62495C}.Debug|Any CPU.Build.0 = Debug|x64
		{C1599CC9-60D5-40CD-8608-79FA8E62495C}.Debug|x64.ActiveCfg = Debug|x64
		{C1599CC9-60D5-40CD-8608-79FA8E62495C}.Debug|x64.Build.0 = Debug|x64
		{C1599CC9-60D5-40CD-8608-79FA8E62495C}.Release|Any CPU.ActiveCfg = Release|x64
		{C1599CC9-60D5-40CD-8608-79FA8E62495C}.Release|Any CPU.Build.0 = Release|x64
		{C1599CC9-60D5-40CD-8608-79FA8E62495C}.Release|x64.ActiveCfg = Release|x64
		{C1599CC9-60D5-40CD-8608-79FA8E62495C}.Release|x64.Build.0 = Release|x64
		{9561B837-CB2E-4E2C-84AA-246DE4D68C92}.Debug|Any CPU.ActiveCfg = Debug|Any CPU
		{9561B837-CB2E-4E2C-84AA-246DE4D68C92}.Debug|Any CPU.Build.0 = Debug|Any CPU
		{9561B837-CB2E-4E2C-84AA-246DE4D68C92}.Debug|x64.ActiveCfg = Debug|Any CPU
		{9561B837-CB2E-4E2C-84AA-246DE4D68C92}.Debug|x64.Build.0 = Debug|Any CPU
		{9561B837-CB2E-4E2C-84AA-246DE4D68C92}.Release|Any CPU.ActiveCfg = Release|Any CPU
		{9561B837-CB2E-4E2C-84AA-246DE4D68C92}.Release|Any CPU.Build.0 = Release|Any CPU
		{9561B837-CB2E-4E2C-84AA-246DE4D68C92}.Release|x64.ActiveCfg = Release|Any CPU
		{9561B837-CB2E-4E2C-84AA-246DE4D68C92}.Release|x64.Build.0 = Release|Any CPU
		{57B10531-F036-4692-8F2C-2D111742458B}.Debug|Any CPU.ActiveCfg = Debug|Any CPU
		{57B10531-F036-4692-8F2C-2D111742458B}.Debug|Any CPU.Build.0 = Debug|Any CPU
		{57B10531-F036-4692-8F2C-2D111742458B}.Debug|x64.ActiveCfg = Debug|Any CPU
		{57B10531-F036-4692-8F2C-2D111742458B}.Debug|x64.Build.0 = Debug|Any CPU
		{57B10531-F036-4692-8F2C-2D111742458B}.Release|Any CPU.ActiveCfg = Release|Any CPU
		{57B10531-F036-4692-8F2C-2D111742458B}.Release|Any CPU.Build.0 = Release|Any CPU
		{57B10531-F036-4692-8F2C-2D111742458B}.Release|x64.ActiveCfg = Release|Any CPU
		{57B10531-F036-4692-8F2C-2D111742458B}.Release|x64.Build.0 = Release|Any CPU
		{D46FD474-4A2F-4AFD-B416-77EC12596FB3}.Debug|Any CPU.ActiveCfg = Debug|Any CPU
		{D46FD474-4A2F-4AFD-B416-77EC12596FB3}.Debug|Any CPU.Build.0 = Debug|Any CPU
		{D46FD474-4A2F-4AFD-B416-77EC12596FB3}.Debug|x64.ActiveCfg = Debug|Any CPU
		{D46FD474-4A2F-4AFD-B416-77EC12596FB3}.Debug|x64.Build.0 = Debug|Any CPU
		{D46FD474-4A2F-4AFD-B416-77EC12596FB3}.Release|Any CPU.ActiveCfg = Release|Any CPU
		{D46FD474-4A2F-4AFD-B416-77EC12596FB3}.Release|Any CPU.Build.0 = Release|Any CPU
		{D46FD474-4A2F-4AFD-B416-77EC12596FB3}.Release|x64.ActiveCfg = Release|Any CPU
		{D46FD474-4A2F-4AFD-B416-77EC12596FB3}.Release|x64.Build.0 = Release|Any CPU
		{340DAA2B-9D5D-4305-B3F0-B3ECBC6D6CFF}.Debug|Any CPU.ActiveCfg = Debug|Any CPU
		{340DAA2B-9D5D-4305-B3F0-B3ECBC6D6CFF}.Debug|Any CPU.Build.0 = Debug|Any CPU
		{340DAA2B-9D5D-4305-B3F0-B3ECBC6D6CFF}.Debug|x64.ActiveCfg = Debug|Any CPU
		{340DAA2B-9D5D-4305-B3F0-B3ECBC6D6CFF}.Debug|x64.Build.0 = Debug|Any CPU
		{340DAA2B-9D5D-4305-B3F0-B3ECBC6D6CFF}.Release|Any CPU.ActiveCfg = Release|Any CPU
		{340DAA2B-9D5D-4305-B3F0-B3ECBC6D6CFF}.Release|Any CPU.Build.0 = Release|Any CPU
		{340DAA2B-9D5D-4305-B3F0-B3ECBC6D6CFF}.Release|x64.ActiveCfg = Release|Any CPU
		{340DAA2B-9D5D-4305-B3F0-B3ECBC6D6CFF}.Release|x64.Build.0 = Release|Any CPU
		{D5546379-2EF4-4B0C-A77A-66E6F4C21437}.Debug|Any CPU.ActiveCfg = Debug|Any CPU
		{D5546379-2EF4-4B0C-A77A-66E6F4C21437}.Debug|Any CPU.Build.0 = Debug|Any CPU
		{D5546379-2EF4-4B0C-A77A-66E6F4C21437}.Debug|x64.ActiveCfg = Debug|Any CPU
		{D5546379-2EF4-4B0C-A77A-66E6F4C21437}.Debug|x64.Build.0 = Debug|Any CPU
		{D5546379-2EF4-4B0C-A77A-66E6F4C21437}.Release|Any CPU.ActiveCfg = Release|Any CPU
		{D5546379-2EF4-4B0C-A77A-66E6F4C21437}.Release|Any CPU.Build.0 = Release|Any CPU
		{D5546379-2EF4-4B0C-A77A-66E6F4C21437}.Release|x64.ActiveCfg = Release|Any CPU
		{D5546379-2EF4-4B0C-A77A-66E6F4C21437}.Release|x64.Build.0 = Release|Any CPU
	EndGlobalSection
	GlobalSection(SolutionProperties) = preSolution
		HideSolutionNode = FALSE
	EndGlobalSection
	GlobalSection(ExtensibilityGlobals) = postSolution
		SolutionGuid = {B17E85B1-5F60-4440-9F9A-3DDE877E8CDF}
	EndGlobalSection
EndGlobal
